
Microsoft Visual Studio Solution File, Format Version 12.00
Project("{FAE04EC0-301F-11D3-BF4B-00C04F79EFBC}") = "Engine", "Engine\Engine.csproj", "{5091C1D6-09E7-424E-A385-05781FF10E2A}"
EndProject
Project("{FAE04EC0-301F-11D3-BF4B-00C04F79EFBC}") = "Tests", "Tests\Tests.csproj", "{04BAF0D7-89C1-4BC4-BCA6-0AB6947B91B1}"
EndProject
Project("{FAE04EC0-301F-11D3-BF4B-00C04F79EFBC}") = "Logger", "Logger\Logger.csproj", "{A14CFFD8-BA99-48DD-8AFC-FC5B52249945}"
EndProject
Global
	GlobalSection(SolutionConfigurationPlatforms) = preSolution
		Debug|Any CPU = Debug|Any CPU
		Release|Any CPU = Release|Any CPU
	EndGlobalSection
	GlobalSection(ProjectConfigurationPlatforms) = postSolution
		{5091C1D6-09E7-424E-A385-05781FF10E2A}.Debug|Any CPU.ActiveCfg = Debug|Any CPU
		{5091C1D6-09E7-424E-A385-05781FF10E2A}.Debug|Any CPU.Build.0 = Debug|Any CPU
		{5091C1D6-09E7-424E-A385-05781FF10E2A}.Release|Any CPU.ActiveCfg = Release|Any CPU
		{5091C1D6-09E7-424E-A385-05781FF10E2A}.Release|Any CPU.Build.0 = Release|Any CPU
		{04BAF0D7-89C1-4BC4-BCA6-0AB6947B91B1}.Debug|Any CPU.ActiveCfg = Debug|Any CPU
		{04BAF0D7-89C1-4BC4-BCA6-0AB6947B91B1}.Debug|Any CPU.Build.0 = Debug|Any CPU
		{04BAF0D7-89C1-4BC4-BCA6-0AB6947B91B1}.Release|Any CPU.ActiveCfg = Release|Any CPU
		{04BAF0D7-89C1-4BC4-BCA6-0AB6947B91B1}.Release|Any CPU.Build.0 = Release|Any CPU
		{A14CFFD8-BA99-48DD-8AFC-FC5B52249945}.Debug|Any CPU.ActiveCfg = Debug|Any CPU
		{A14CFFD8-BA99-48DD-8AFC-FC5B52249945}.Debug|Any CPU.Build.0 = Debug|Any CPU
		{A14CFFD8-BA99-48DD-8AFC-FC5B52249945}.Release|Any CPU.ActiveCfg = Release|Any CPU
		{A14CFFD8-BA99-48DD-8AFC-FC5B52249945}.Release|Any CPU.Build.0 = Release|Any CPU
	EndGlobalSection
EndGlobal
